[[package]]
category = "dev"
description = "A small Python module for determining appropriate platform-specific dirs, e.g. a \"user data dir\"."
name = "appdirs"
optional = false
python-versions = "*"
version = "1.4.3"

[[package]]
category = "dev"
description = "Atomic file writes."
marker = "sys_platform == \"win32\""
name = "atomicwrites"
optional = false
python-versions = ">=2.7, !=3.0.*, !=3.1.*, !=3.2.*, !=3.3.*"
version = "1.3.0"

[[package]]
category = "dev"
description = "Classes Without Boilerplate"
name = "attrs"
optional = false
python-versions = ">=2.7, !=3.0.*, !=3.1.*, !=3.2.*, !=3.3.*"
version = "19.3.0"

[package.extras]
azure-pipelines = ["coverage", "hypothesis", "pympler", "pytest (>=4.3.0)", "six", "zope.interface", "pytest-azurepipelines"]
dev = ["coverage", "hypothesis", "pympler", "pytest (>=4.3.0)", "six", "zope.interface", "sphinx", "pre-commit"]
docs = ["sphinx", "zope.interface"]
tests = ["coverage", "hypothesis", "pympler", "pytest (>=4.3.0)", "six", "zope.interface"]

[[package]]
category = "dev"
description = "The uncompromising code formatter."
name = "black"
optional = false
python-versions = ">=3.6"
version = "19.10b0"

[package.dependencies]
appdirs = "*"
attrs = ">=18.1.0"
click = ">=6.5"
pathspec = ">=0.6,<1"
regex = "*"
toml = ">=0.9.4"
typed-ast = ">=1.4.0"

[package.extras]
d = ["aiohttp (>=3.3.2)", "aiohttp-cors"]

[[package]]
category = "dev"
description = "Python package for providing Mozilla's CA Bundle."
name = "certifi"
optional = false
python-versions = "*"
version = "2019.11.28"

[[package]]
category = "dev"
description = "Universal encoding detector for Python 2 and 3"
name = "chardet"
optional = false
python-versions = "*"
version = "3.0.4"

[[package]]
category = "dev"
description = "Composable command line interface toolkit"
name = "click"
optional = false
python-versions = ">=2.7, !=3.0.*, !=3.1.*, !=3.2.*, !=3.3.*, !=3.4.*"
version = "7.1"

[[package]]
category = "dev"
description = "Hosted coverage reports for GitHub, Bitbucket and Gitlab"
name = "codecov"
optional = false
python-versions = ">=2.7, !=3.0.*, !=3.1.*, !=3.2.*, !=3.3.*"
version = "2.0.16"

[package.dependencies]
coverage = "*"
requests = ">=2.7.9"

[[package]]
category = "dev"
description = "Cross-platform colored terminal text."
marker = "sys_platform == \"win32\""
name = "colorama"
optional = false
python-versions = ">=2.7, !=3.0.*, !=3.1.*, !=3.2.*, !=3.3.*, !=3.4.*"
version = "0.4.3"

[[package]]
category = "dev"
description = "Code coverage measurement for Python"
name = "coverage"
optional = false
python-versions = ">=2.7, !=3.0.*, !=3.1.*, !=3.2.*, !=3.3.*, !=3.4.*, <4"
version = "5.0.3"

[package.extras]
toml = ["toml"]

[[package]]
category = "dev"
description = "Internationalized Domain Names in Applications (IDNA)"
name = "idna"
optional = false
python-versions = ">=2.7, !=3.0.*, !=3.1.*, !=3.2.*, !=3.3.*"
version = "2.9"

[[package]]
category = "dev"
description = "Read metadata from Python packages"
marker = "python_version < \"3.8\""
name = "importlib-metadata"
optional = false
python-versions = "!=3.0.*,!=3.1.*,!=3.2.*,!=3.3.*,!=3.4.*,>=2.7"
version = "1.5.0"

[package.dependencies]
zipp = ">=0.5"

[package.extras]
docs = ["sphinx", "rst.linker"]
testing = ["packaging", "importlib-resources"]

[[package]]
category = "dev"
description = "More routines for operating on iterables, beyond itertools"
name = "more-itertools"
optional = false
python-versions = ">=3.5"
version = "8.2.0"

[[package]]
category = "dev"
description = "Core utilities for Python packages"
name = "packaging"
optional = false
python-versions = ">=2.7, !=3.0.*, !=3.1.*, !=3.2.*, !=3.3.*"
version = "20.3"

[package.dependencies]
pyparsing = ">=2.0.2"
six = "*"

[[package]]
category = "dev"
description = "Utility library for gitignore style pattern matching of file paths."
name = "pathspec"
optional = false
python-versions = ">=2.7, !=3.0.*, !=3.1.*, !=3.2.*, !=3.3.*, !=3.4.*"
version = "0.7.0"

[[package]]
category = "dev"
description = "Python Imaging Library (Fork)"
name = "pillow"
optional = false
python-versions = ">=2.7, !=3.0.*, !=3.1.*, !=3.2.*, !=3.3.*, !=3.4.*"
version = "6.2.2"

[[package]]
category = "dev"
description = "plugin and hook calling mechanisms for python"
name = "pluggy"
optional = false
python-versions = ">=2.7, !=3.0.*, !=3.1.*, !=3.2.*, !=3.3.*"
version = "0.13.1"

[package.dependencies]
[package.dependencies.importlib-metadata]
python = "<3.8"
version = ">=0.12"

[package.extras]
dev = ["pre-commit", "tox"]

[[package]]
category = "dev"
description = "library with cross-python path, ini-parsing, io, code, log facilities"
name = "py"
optional = false
python-versions = ">=2.7, !=3.0.*, !=3.1.*, !=3.2.*, !=3.3.*"
version = "1.8.1"

[[package]]
category = "dev"
description = "Python parsing module"
name = "pyparsing"
optional = false
python-versions = ">=2.6, !=3.0.*, !=3.1.*, !=3.2.*"
version = "2.4.6"

[[package]]
category = "dev"
description = "pytest: simple powerful testing with Python"
name = "pytest"
optional = false
python-versions = ">=3.5"
version = "5.3.5"

[package.dependencies]
atomicwrites = ">=1.0"
attrs = ">=17.4.0"
colorama = "*"
more-itertools = ">=4.0.0"
packaging = "*"
pluggy = ">=0.12,<1.0"
py = ">=1.5.0"
wcwidth = "*"

[package.dependencies.importlib-metadata]
python = "<3.8"
version = ">=0.12"

[package.extras]
checkqa-mypy = ["mypy (v0.761)"]
testing = ["argcomplete", "hypothesis (>=3.56)", "mock", "nose", "requests", "xmlschema"]

[[package]]
category = "dev"
description = "Pytest plugin for measuring coverage."
name = "pytest-cov"
optional = false
python-versions = ">=2.7, !=3.0.*, !=3.1.*, !=3.2.*, !=3.3.*"
version = "2.8.1"

[package.dependencies]
coverage = ">=4.4"
pytest = ">=3.6"

[package.extras]
testing = ["fields", "hunter", "process-tests (2.0.2)", "six", "virtualenv"]

[[package]]
category = "dev"
description = "Alternative regular expression module, to replace re."
name = "regex"
optional = false
python-versions = "*"
version = "2020.2.20"

[[package]]
category = "dev"
description = "Python HTTP for Humans."
name = "requests"
optional = false
python-versions = ">=2.7, !=3.0.*, !=3.1.*, !=3.2.*, !=3.3.*, !=3.4.*"
version = "2.23.0"

[package.dependencies]
certifi = ">=2017.4.17"
chardet = ">=3.0.2,<4"
idna = ">=2.5,<3"
urllib3 = ">=1.21.1,<1.25.0 || >1.25.0,<1.25.1 || >1.25.1,<1.26"

[package.extras]
security = ["pyOpenSSL (>=0.14)", "cryptography (>=1.3.4)"]
socks = ["PySocks (>=1.5.6,<1.5.7 || >1.5.7)", "win-inet-pton"]

[[package]]
category = "dev"
description = "Python 2 and 3 compatibility utilities"
name = "six"
optional = false
python-versions = ">=2.7, !=3.0.*, !=3.1.*, !=3.2.*"
version = "1.14.0"

[[package]]
category = "dev"
description = "Python Library for Tom's Obvious, Minimal Language"
name = "toml"
optional = false
python-versions = "*"
version = "0.10.0"

[[package]]
category = "dev"
description = "a fork of Python 2 and 3 ast modules with type comment support"
name = "typed-ast"
optional = false
python-versions = "*"
version = "1.4.1"

[[package]]
category = "dev"
description = "HTTP library with thread-safe connection pooling, file post, and more."
name = "urllib3"
optional = false
python-versions = ">=2.7, !=3.0.*, !=3.1.*, !=3.2.*, !=3.3.*, !=3.4.*, <4"
version = "1.25.8"

[package.extras]
brotli = ["brotlipy (>=0.6.0)"]
secure = ["pyOpenSSL (>=0.14)", "cryptography (>=1.3.4)", "idna (>=2.0.0)", "certifi", "ipaddress"]
socks = ["PySocks (>=1.5.6,<1.5.7 || >1.5.7,<2.0)"]

[[package]]
category = "dev"
description = "Measures number of Terminal column cells of wide-character codes"
name = "wcwidth"
optional = false
python-versions = "*"
version = "0.1.8"

[[package]]
category = "dev"
description = "Backport of pathlib-compatible object wrapper for zip files"
marker = "python_version < \"3.8\""
name = "zipp"
optional = false
python-versions = ">=3.6"
version = "3.1.0"

[package.extras]
docs = ["sphinx", "jaraco.packaging (>=3.2)", "rst.linker (>=1.9)"]
testing = ["jaraco.itertools", "func-timeout"]

[metadata]
content-hash = "4fad6ffe60d0be966ef61d68676fbc2902d9a5975a73e1675e1f8777688983a4"
python-versions = "^3.6"

[metadata.files]
appdirs = [
    {file = "appdirs-1.4.3-py2.py3-none-any.whl", hash = "sha256:d8b24664561d0d34ddfaec54636d502d7cea6e29c3eaf68f3df6180863e2166e"},
    {file = "appdirs-1.4.3.tar.gz", hash = "sha256:9e5896d1372858f8dd3344faf4e5014d21849c756c8d5701f78f8a103b372d92"},
]
atomicwrites = [
    {file = "atomicwrites-1.3.0-py2.py3-none-any.whl", hash = "sha256:03472c30eb2c5d1ba9227e4c2ca66ab8287fbfbbda3888aa93dc2e28fc6811b4"},
    {file = "atomicwrites-1.3.0.tar.gz", hash = "sha256:75a9445bac02d8d058d5e1fe689654ba5a6556a1dfd8ce6ec55a0ed79866cfa6"},
]
attrs = [
    {file = "attrs-19.3.0-py2.py3-none-any.whl", hash = "sha256:08a96c641c3a74e44eb59afb61a24f2cb9f4d7188748e76ba4bb5edfa3cb7d1c"},
    {file = "attrs-19.3.0.tar.gz", hash = "sha256:f7b7ce16570fe9965acd6d30101a28f62fb4a7f9e926b3bbc9b61f8b04247e72"},
]
black = [
    {file = "black-19.10b0-py36-none-any.whl", hash = "sha256:1b30e59be925fafc1ee4565e5e08abef6b03fe455102883820fe5ee2e4734e0b"},
    {file = "black-19.10b0.tar.gz", hash = "sha256:c2edb73a08e9e0e6f65a0e6af18b059b8b1cdd5bef997d7a0b181df93dc81539"},
]
certifi = [
    {file = "certifi-2019.11.28-py2.py3-none-any.whl", hash = "sha256:017c25db2a153ce562900032d5bc68e9f191e44e9a0f762f373977de9df1fbb3"},
    {file = "certifi-2019.11.28.tar.gz", hash = "sha256:25b64c7da4cd7479594d035c08c2d809eb4aab3a26e5a990ea98cc450c320f1f"},
]
chardet = [
    {file = "chardet-3.0.4-py2.py3-none-any.whl", hash = "sha256:fc323ffcaeaed0e0a02bf4d117757b98aed530d9ed4531e3e15460124c106691"},
    {file = "chardet-3.0.4.tar.gz", hash = "sha256:84ab92ed1c4d4f16916e05906b6b75a6c0fb5db821cc65e70cbd64a3e2a5eaae"},
]
click = [
    {file = "click-7.1-py2.py3-none-any.whl", hash = "sha256:91eb2c43db0254aaf3b14a3c4e0db914a900aa09bbc33c6e87ede4a8f7c969dc"},
    {file = "click-7.1.tar.gz", hash = "sha256:482f552f2d5452b9eeffc44165e8b790dd53f75bcce099a812b65e0357e860e2"},
]
codecov = [
    {file = "codecov-2.0.16-py2.py3-none-any.whl", hash = "sha256:38b32934e759a29313382287f59986f25613708f60760c88d31e956399bbeffe"},
    {file = "codecov-2.0.16.tar.gz", hash = "sha256:4cf93c30cc1ddb6d7414fce0a45816889499c3febc8bbbc24f1cd1936a804087"},
]
colorama = [
    {file = "colorama-0.4.3-py2.py3-none-any.whl", hash = "sha256:7d73d2a99753107a36ac6b455ee49046802e59d9d076ef8e47b61499fa29afff"},
    {file = "colorama-0.4.3.tar.gz", hash = "sha256:e96da0d330793e2cb9485e9ddfd918d456036c7149416295932478192f4436a1"},
]
coverage = [
    {file = "coverage-5.0.3-cp27-cp27m-macosx_10_12_x86_64.whl", hash = "sha256:cc1109f54a14d940b8512ee9f1c3975c181bbb200306c6d8b87d93376538782f"},
    {file = "coverage-5.0.3-cp27-cp27m-macosx_10_13_intel.whl", hash = "sha256:be18f4ae5a9e46edae3f329de2191747966a34a3d93046dbdf897319923923bc"},
    {file = "coverage-5.0.3-cp27-cp27m-manylinux1_i686.whl", hash = "sha256:3230d1003eec018ad4a472d254991e34241e0bbd513e97a29727c7c2f637bd2a"},
    {file = "coverage-5.0.3-cp27-cp27m-manylinux1_x86_64.whl", hash = "sha256:e69215621707119c6baf99bda014a45b999d37602cb7043d943c76a59b05bf52"},
    {file = "coverage-5.0.3-cp27-cp27m-win32.whl", hash = "sha256:1daa3eceed220f9fdb80d5ff950dd95112cd27f70d004c7918ca6dfc6c47054c"},
    {file = "coverage-5.0.3-cp27-cp27m-win_amd64.whl", hash = "sha256:51bc7710b13a2ae0c726f69756cf7ffd4362f4ac36546e243136187cfcc8aa73"},
    {file = "coverage-5.0.3-cp27-cp27mu-manylinux1_i686.whl", hash = "sha256:9bea19ac2f08672636350f203db89382121c9c2ade85d945953ef3c8cf9d2a68"},
    {file = "coverage-5.0.3-cp27-cp27mu-manylinux1_x86_64.whl", hash = "sha256:5012d3b8d5a500834783689a5d2292fe06ec75dc86ee1ccdad04b6f5bf231691"},
    {file = "coverage-5.0.3-cp35-cp35m-macosx_10_12_x86_64.whl", hash = "sha256:d513cc3db248e566e07a0da99c230aca3556d9b09ed02f420664e2da97eac301"},
    {file = "coverage-5.0.3-cp35-cp35m-manylinux1_i686.whl", hash = "sha256:3dbb72eaeea5763676a1a1efd9b427a048c97c39ed92e13336e726117d0b72bf"},
    {file = "coverage-5.0.3-cp35-cp35m-manylinux1_x86_64.whl", hash = "sha256:15cf13a6896048d6d947bf7d222f36e4809ab926894beb748fc9caa14605d9c3"},
    {file = "coverage-5.0.3-cp35-cp35m-win32.whl", hash = "sha256:fca1669d464f0c9831fd10be2eef6b86f5ebd76c724d1e0706ebdff86bb4adf0"},
    {file = "coverage-5.0.3-cp35-cp35m-win_amd64.whl", hash = "sha256:1e44a022500d944d42f94df76727ba3fc0a5c0b672c358b61067abb88caee7a0"},
    {file = "coverage-5.0.3-cp36-cp36m-macosx_10_13_x86_64.whl", hash = "sha256:b26aaf69713e5674efbde4d728fb7124e429c9466aeaf5f4a7e9e699b12c9fe2"},
    {file = "coverage-5.0.3-cp36-cp36m-manylinux1_i686.whl", hash = "sha256:722e4557c8039aad9592c6a4213db75da08c2cd9945320220634f637251c3894"},
    {file = "coverage-5.0.3-cp36-cp36m-manylinux1_x86_64.whl", hash = "sha256:7afad9835e7a651d3551eab18cbc0fdb888f0a6136169fbef0662d9cdc9987cf"},
    {file = "coverage-5.0.3-cp36-cp36m-win32.whl", hash = "sha256:25dbf1110d70bab68a74b4b9d74f30e99b177cde3388e07cc7272f2168bd1477"},
    {file = "coverage-5.0.3-cp36-cp36m-win_amd64.whl", hash = "sha256:c312e57847db2526bc92b9bfa78266bfbaabac3fdcd751df4d062cd4c23e46dc"},
    {file = "coverage-5.0.3-cp37-cp37m-macosx_10_13_x86_64.whl", hash = "sha256:a8b8ac7876bc3598e43e2603f772d2353d9931709345ad6c1149009fd1bc81b8"},
    {file = "coverage-5.0.3-cp37-cp37m-manylinux1_i686.whl", hash = "sha256:527b4f316e6bf7755082a783726da20671a0cc388b786a64417780b90565b987"},
    {file = "coverage-5.0.3-cp37-cp37m-manylinux1_x86_64.whl", hash = "sha256:d649dc0bcace6fcdb446ae02b98798a856593b19b637c1b9af8edadf2b150bea"},
    {file = "coverage-5.0.3-cp37-cp37m-win32.whl", hash = "sha256:cd60f507c125ac0ad83f05803063bed27e50fa903b9c2cfee3f8a6867ca600fc"},
    {file = "coverage-5.0.3-cp37-cp37m-win_amd64.whl", hash = "sha256:c60097190fe9dc2b329a0eb03393e2e0829156a589bd732e70794c0dd804258e"},
    {file = "coverage-5.0.3-cp38-cp38-macosx_10_13_x86_64.whl", hash = "sha256:d7008a6796095a79544f4da1ee49418901961c97ca9e9d44904205ff7d6aa8cb"},
    {file = "coverage-5.0.3-cp38-cp38-manylinux1_i686.whl", hash = "sha256:ea9525e0fef2de9208250d6c5aeeee0138921057cd67fcef90fbed49c4d62d37"},
    {file = "coverage-5.0.3-cp38-cp38-manylinux1_x86_64.whl", hash = "sha256:c62a2143e1313944bf4a5ab34fd3b4be15367a02e9478b0ce800cb510e3bbb9d"},
    {file = "coverage-5.0.3-cp38-cp38m-win32.whl", hash = "sha256:b0840b45187699affd4c6588286d429cd79a99d509fe3de0f209594669bb0954"},
    {file = "coverage-5.0.3-cp38-cp38m-win_amd64.whl", hash = "sha256:76e2057e8ffba5472fd28a3a010431fd9e928885ff480cb278877c6e9943cc2e"},
    {file = "coverage-5.0.3-cp39-cp39m-win32.whl", hash = "sha256:b63dd43f455ba878e5e9f80ba4f748c0a2156dde6e0e6e690310e24d6e8caf40"},
    {file = "coverage-5.0.3-cp39-cp39m-win_amd64.whl", hash = "sha256:da93027835164b8223e8e5af2cf902a4c80ed93cb0909417234f4a9df3bcd9af"},
    {file = "coverage-5.0.3.tar.gz", hash = "sha256:77afca04240c40450c331fa796b3eab6f1e15c5ecf8bf2b8bee9706cd5452fef"},
]
idna = [
    {file = "idna-2.9-py2.py3-none-any.whl", hash = "sha256:a068a21ceac8a4d63dbfd964670474107f541babbd2250d61922f029858365fa"},
    {file = "idna-2.9.tar.gz", hash = "sha256:7588d1c14ae4c77d74036e8c22ff447b26d0fde8f007354fd48a7814db15b7cb"},
]
importlib-metadata = [
    {file = "importlib_metadata-1.5.0-py2.py3-none-any.whl", hash = "sha256:b97607a1a18a5100839aec1dc26a1ea17ee0d93b20b0f008d80a5a050afb200b"},
    {file = "importlib_metadata-1.5.0.tar.gz", hash = "sha256:06f5b3a99029c7134207dd882428a66992a9de2bef7c2b699b5641f9886c3302"},
]
more-itertools = [
    {file = "more-itertools-8.2.0.tar.gz", hash = "sha256:b1ddb932186d8a6ac451e1d95844b382f55e12686d51ca0c68b6f61f2ab7a507"},
    {file = "more_itertools-8.2.0-py3-none-any.whl", hash = "sha256:5dd8bcf33e5f9513ffa06d5ad33d78f31e1931ac9a18f33d37e77a180d393a7c"},
]
packaging = [
    {file = "packaging-20.3-py2.py3-none-any.whl", hash = "sha256:82f77b9bee21c1bafbf35a84905d604d5d1223801d639cf3ed140bd651c08752"},
    {file = "packaging-20.3.tar.gz", hash = "sha256:3c292b474fda1671ec57d46d739d072bfd495a4f51ad01a055121d81e952b7a3"},
]
pathspec = [
    {file = "pathspec-0.7.0-py2.py3-none-any.whl", hash = "sha256:163b0632d4e31cef212976cf57b43d9fd6b0bac6e67c26015d611a647d5e7424"},
    {file = "pathspec-0.7.0.tar.gz", hash = "sha256:562aa70af2e0d434367d9790ad37aed893de47f1693e4201fd1d3dca15d19b96"},
]
pillow = [
    {file = "Pillow-6.2.2-cp27-cp27m-macosx_10_6_intel.whl", hash = "sha256:834dd023b7f987d6b700ad93dc818098d7eb046bd445e9992b3093c6f9d7a95f"},
    {file = "Pillow-6.2.2-cp27-cp27m-manylinux1_i686.whl", hash = "sha256:d3a98444a00b4643b22b0685dbf9e0ddcaf4ebfd4ea23f84f228adf5a0765bb2"},
    {file = "Pillow-6.2.2-cp27-cp27m-manylinux1_x86_64.whl", hash = "sha256:2b4a94be53dff02af90760c10a2e3634c3c7703410f38c98154d5ce71fe63d20"},
    {file = "Pillow-6.2.2-cp27-cp27m-win32.whl", hash = "sha256:87ef0eca169f7f0bc050b22f05c7e174a65c36d584428431e802c0165c5856ea"},
    {file = "Pillow-6.2.2-cp27-cp27m-win_amd64.whl", hash = "sha256:cbd5647097dc55e501f459dbac7f1d0402225636deeb9e0a98a8d2df649fc19d"},
    {file = "Pillow-6.2.2-cp27-cp27mu-manylinux1_i686.whl", hash = "sha256:4adc3302df4faf77c63ab3a83e1a3e34b94a6a992084f4aa1cb236d1deaf4b39"},
    {file = "Pillow-6.2.2-cp27-cp27mu-manylinux1_x86_64.whl", hash = "sha256:e3a797a079ce289e59dbd7eac9ca3bf682d52687f718686857281475b7ca8e6a"},
    {file = "Pillow-6.2.2-cp35-cp35m-macosx_10_6_intel.whl", hash = "sha256:bb7861e4618a0c06c40a2e509c1bea207eea5fd4320d486e314e00745a402ca5"},
    {file = "Pillow-6.2.2-cp35-cp35m-manylinux1_i686.whl", hash = "sha256:535e8e0e02c9f1fc2e307256149d6ee8ad3aa9a6e24144b7b6e6fb6126cb0e99"},
    {file = "Pillow-6.2.2-cp35-cp35m-manylinux1_x86_64.whl", hash = "sha256:bc149dab804291a18e1186536519e5e122a2ac1316cb80f506e855a500b1cdd4"},
    {file = "Pillow-6.2.2-cp35-cp35m-win32.whl", hash = "sha256:1a3bc8e1db5af40a81535a62a591fafdb30a8a1b319798ea8052aa65ef8f06d2"},
    {file = "Pillow-6.2.2-cp35-cp35m-win_amd64.whl", hash = "sha256:d6b4dc325170bee04ca8292bbd556c6f5398d52c6149ca881e67daf62215426f"},
    {file = "Pillow-6.2.2-cp36-cp36m-macosx_10_6_intel.whl", hash = "sha256:43ef1cff7ee57f9c8c8e6fa02a62eae9fa23a7e34418c7ce88c0e3fe09d1fb38"},
    {file = "Pillow-6.2.2-cp36-cp36m-manylinux1_i686.whl", hash = "sha256:900de1fdc93764be13f6b39dc0dd0207d9ff441d87ad7c6e97e49b81987dc0f3"},
    {file = "Pillow-6.2.2-cp36-cp36m-manylinux1_x86_64.whl", hash = "sha256:92b83b380f9181cacc994f4c983d95a9c8b00b50bf786c66d235716b526a3332"},
    {file = "Pillow-6.2.2-cp36-cp36m-win32.whl", hash = "sha256:00e0bbe9923adc5cc38a8da7d87d4ce16cde53b8d3bba8886cb928e84522d963"},
    {file = "Pillow-6.2.2-cp36-cp36m-win_amd64.whl", hash = "sha256:5ccfcb0a34ad9b77ad247c231edb781763198f405a5c8dc1b642449af821fb7f"},
    {file = "Pillow-6.2.2-cp37-cp37m-macosx_10_6_intel.whl", hash = "sha256:5dcbbaa3a24d091a64560d3c439a8962866a79a033d40eb1a75f1b3413bfc2bc"},
    {file = "Pillow-6.2.2-cp37-cp37m-manylinux1_i686.whl", hash = "sha256:6e2a7e74d1a626b817ecb7a28c433b471a395c010b2a1f511f976e9ea4363e64"},
    {file = "Pillow-6.2.2-cp37-cp37m-manylinux1_x86_64.whl", hash = "sha256:c424d35a5259be559b64490d0fd9e03fba81f1ce8e5b66e0a59de97547351d80"},
    {file = "Pillow-6.2.2-cp37-cp37m-win32.whl", hash = "sha256:aa4792ab056f51b49e7d59ce5733155e10a918baf8ce50f64405db23d5627fa2"},
    {file = "Pillow-6.2.2-cp37-cp37m-win_amd64.whl", hash = "sha256:0d5c99f80068f13231ac206bd9b2e80ea357f5cf9ae0fa97fab21e32d5b61065"},
    {file = "Pillow-6.2.2-cp38-cp38-macosx_10_9_x86_64.whl", hash = "sha256:03457e439d073770d88afdd90318382084732a5b98b0eb6f49454746dbaae701"},
    {file = "Pillow-6.2.2-cp38-cp38-manylinux1_i686.whl", hash = "sha256:ccf16fe444cc43800eeacd4f4769971200982200a71b1368f49410d0eb769543"},
    {file = "Pillow-6.2.2-cp38-cp38-manylinux1_x86_64.whl", hash = "sha256:b72c39585f1837d946bd1a829a4820ccf86e361f28cbf60f5d646f06318b61e2"},
    {file = "Pillow-6.2.2-cp38-cp38-win32.whl", hash = "sha256:3ba7d8f1d962780f86aa747fef0baf3211b80cb13310fff0c375da879c0656d4"},
    {file = "Pillow-6.2.2-cp38-cp38-win_amd64.whl", hash = "sha256:3e81485cec47c24f5fb27acb485a4fc97376b2b332ed633867dc68ac3077998c"},
    {file = "Pillow-6.2.2-pp273-pypy_73-win32.whl", hash = "sha256:aa1b0297e352007ec781a33f026afbb062a9a9895bb103c8f49af434b1666880"},
    {file = "Pillow-6.2.2-pp373-pypy36_pp73-win32.whl", hash = "sha256:82859575005408af81b3e9171ae326ff56a69af5439d3fc20e8cb76cd51c8246"},
    {file = "Pillow-6.2.2.tar.gz", hash = "sha256:db9ff0c251ed066d367f53b64827cc9e18ccea001b986d08c265e53625dab950"},
]
pluggy = [
    {file = "pluggy-0.13.1-py2.py3-none-any.whl", hash = "sha256:966c145cd83c96502c3c3868f50408687b38434af77734af1e9ca461a4081d2d"},
    {file = "pluggy-0.13.1.tar.gz", hash = "sha256:15b2acde666561e1298d71b523007ed7364de07029219b604cf808bfa1c765b0"},
]
py = [
    {file = "py-1.8.1-py2.py3-none-any.whl", hash = "sha256:c20fdd83a5dbc0af9efd622bee9a5564e278f6380fffcacc43ba6f43db2813b0"},
    {file = "py-1.8.1.tar.gz", hash = "sha256:5e27081401262157467ad6e7f851b7aa402c5852dbcb3dae06768434de5752aa"},
]
pyparsing = [
    {file = "pyparsing-2.4.6-py2.py3-none-any.whl", hash = "sha256:c342dccb5250c08d45fd6f8b4a559613ca603b57498511740e65cd11a2e7dcec"},
    {file = "pyparsing-2.4.6.tar.gz", hash = "sha256:4c830582a84fb022400b85429791bc551f1f4871c33f23e44f353119e92f969f"},
]
pytest = [
    {file = "pytest-5.3.5-py3-none-any.whl", hash = "sha256:ff615c761e25eb25df19edddc0b970302d2a9091fbce0e7213298d85fb61fef6"},
    {file = "pytest-5.3.5.tar.gz", hash = "sha256:0d5fe9189a148acc3c3eb2ac8e1ac0742cb7618c084f3d228baaec0c254b318d"},
]
pytest-cov = [
    {file = "pytest-cov-2.8.1.tar.gz", hash = "sha256:cc6742d8bac45070217169f5f72ceee1e0e55b0221f54bcf24845972d3a47f2b"},
    {file = "pytest_cov-2.8.1-py2.py3-none-any.whl", hash = "sha256:cdbdef4f870408ebdbfeb44e63e07eb18bb4619fae852f6e760645fa36172626"},
]
regex = [
    {file = "regex-2020.2.20-cp27-cp27m-win32.whl", hash = "sha256:99272d6b6a68c7ae4391908fc15f6b8c9a6c345a46b632d7fdb7ef6c883a2bbb"},
    {file = "regex-2020.2.20-cp27-cp27m-win_amd64.whl", hash = "sha256:974535648f31c2b712a6b2595969f8ab370834080e00ab24e5dbb9d19b8bfb74"},
    {file = "regex-2020.2.20-cp36-cp36m-manylinux1_i686.whl", hash = "sha256:5de40649d4f88a15c9489ed37f88f053c15400257eeb18425ac7ed0a4e119400"},
    {file = "regex-2020.2.20-cp36-cp36m-manylinux1_x86_64.whl", hash = "sha256:82469a0c1330a4beb3d42568f82dffa32226ced006e0b063719468dcd40ffdf0"},
    {file = "regex-2020.2.20-cp36-cp36m-manylinux2010_i686.whl", hash = "sha256:d58a4fa7910102500722defbde6e2816b0372a4fcc85c7e239323767c74f5cbc"},
    {file = "regex-2020.2.20-cp36-cp36m-manylinux2010_x86_64.whl", hash = "sha256:f1ac2dc65105a53c1c2d72b1d3e98c2464a133b4067a51a3d2477b28449709a0"},
    {file = "regex-2020.2.20-cp36-cp36m-win32.whl", hash = "sha256:8c2b7fa4d72781577ac45ab658da44c7518e6d96e2a50d04ecb0fd8f28b21d69"},
    {file = "regex-2020.2.20-cp36-cp36m-win_amd64.whl", hash = "sha256:269f0c5ff23639316b29f31df199f401e4cb87529eafff0c76828071635d417b"},
    {file = "regex-2020.2.20-cp37-cp37m-manylinux1_i686.whl", hash = "sha256:bed7986547ce54d230fd8721aba6fd19459cdc6d315497b98686d0416efaff4e"},
    {file = "regex-2020.2.20-cp37-cp37m-manylinux1_x86_64.whl", hash = "sha256:046e83a8b160aff37e7034139a336b660b01dbfe58706f9d73f5cdc6b3460242"},
    {file = "regex-2020.2.20-cp37-cp37m-manylinux2010_i686.whl", hash = "sha256:b33ebcd0222c1d77e61dbcd04a9fd139359bded86803063d3d2d197b796c63ce"},
    {file = "regex-2020.2.20-cp37-cp37m-manylinux2010_x86_64.whl", hash = "sha256:bba52d72e16a554d1894a0cc74041da50eea99a8483e591a9edf1025a66843ab"},
    {file = "regex-2020.2.20-cp37-cp37m-win32.whl", hash = "sha256:01b2d70cbaed11f72e57c1cfbaca71b02e3b98f739ce33f5f26f71859ad90431"},
    {file = "regex-2020.2.20-cp37-cp37m-win_amd64.whl", hash = "sha256:113309e819634f499d0006f6200700c8209a2a8bf6bd1bdc863a4d9d6776a5d1"},
    {file = "regex-2020.2.20-cp38-cp38-manylinux1_i686.whl", hash = "sha256:25f4ce26b68425b80a233ce7b6218743c71cf7297dbe02feab1d711a2bf90045"},
    {file = "regex-2020.2.20-cp38-cp38-manylinux1_x86_64.whl", hash = "sha256:9b64a4cc825ec4df262050c17e18f60252cdd94742b4ba1286bcfe481f1c0f26"},
    {file = "regex-2020.2.20-cp38-cp38-manylinux2010_i686.whl", hash = "sha256:9ff16d994309b26a1cdf666a6309c1ef51ad4f72f99d3392bcd7b7139577a1f2"},
    {file = "regex-2020.2.20-cp38-cp38-manylinux2010_x86_64.whl", hash = "sha256:c7f58a0e0e13fb44623b65b01052dae8e820ed9b8b654bb6296bc9c41f571b70"},
    {file = "regex-2020.2.20-cp38-cp38-win32.whl", hash = "sha256:200539b5124bc4721247a823a47d116a7a23e62cc6695744e3eb5454a8888e6d"},
    {file = "regex-2020.2.20-cp38-cp38-win_amd64.whl", hash = "sha256:7f78f963e62a61e294adb6ff5db901b629ef78cb2a1cfce3cf4eeba80c1c67aa"},
    {file = "regex-2020.2.20.tar.gz", hash = "sha256:9e9624440d754733eddbcd4614378c18713d2d9d0dc647cf9c72f64e39671be5"},
]
requests = [
    {file = "requests-2.23.0-py2.py3-none-any.whl", hash = "sha256:43999036bfa82904b6af1d99e4882b560e5e2c68e5c4b0aa03b655f3d7d73fee"},
    {file = "requests-2.23.0.tar.gz", hash = "sha256:b3f43d496c6daba4493e7c431722aeb7dbc6288f52a6e04e7b6023b0247817e6"},
]
six = [
    {file = "six-1.14.0-py2.py3-none-any.whl", hash = "sha256:8f3cd2e254d8f793e7f3d6d9df77b92252b52637291d0f0da013c76ea2724b6c"},
    {file = "six-1.14.0.tar.gz", hash = "sha256:236bdbdce46e6e6a3d61a337c0f8b763ca1e8717c03b369e87a7ec7ce1319c0a"},
]
toml = [
    {file = "toml-0.10.0-py2.7.egg", hash = "sha256:f1db651f9657708513243e61e6cc67d101a39bad662eaa9b5546f789338e07a3"},
    {file = "toml-0.10.0-py2.py3-none-any.whl", hash = "sha256:235682dd292d5899d361a811df37e04a8828a5b1da3115886b73cf81ebc9100e"},
    {file = "toml-0.10.0.tar.gz", hash = "sha256:229f81c57791a41d65e399fc06bf0848bab550a9dfd5ed66df18ce5f05e73d5c"},
]
typed-ast = [
    {file = "typed_ast-1.4.1-cp35-cp35m-manylinux1_i686.whl", hash = "sha256:73d785a950fc82dd2a25897d525d003f6378d1cb23ab305578394694202a58c3"},
    {file = "typed_ast-1.4.1-cp35-cp35m-manylinux1_x86_64.whl", hash = "sha256:aaee9905aee35ba5905cfb3c62f3e83b3bec7b39413f0a7f19be4e547ea01ebb"},
    {file = "typed_ast-1.4.1-cp35-cp35m-win32.whl", hash = "sha256:0c2c07682d61a629b68433afb159376e24e5b2fd4641d35424e462169c0a7919"},
    {file = "typed_ast-1.4.1-cp35-cp35m-win_amd64.whl", hash = "sha256:4083861b0aa07990b619bd7ddc365eb7fa4b817e99cf5f8d9cf21a42780f6e01"},
    {file = "typed_ast-1.4.1-cp36-cp36m-macosx_10_9_x86_64.whl", hash = "sha256:269151951236b0f9a6f04015a9004084a5ab0d5f19b57de779f908621e7d8b75"},
    {file = "typed_ast-1.4.1-cp36-cp36m-manylinux1_i686.whl", hash = "sha256:24995c843eb0ad11a4527b026b4dde3da70e1f2d8806c99b7b4a7cf491612652"},
    {file = "typed_ast-1.4.1-cp36-cp36m-manylinux1_x86_64.whl", hash = "sha256:fe460b922ec15dd205595c9b5b99e2f056fd98ae8f9f56b888e7a17dc2b757e7"},
    {file = "typed_ast-1.4.1-cp36-cp36m-win32.whl", hash = "sha256:4e3e5da80ccbebfff202a67bf900d081906c358ccc3d5e3c8aea42fdfdfd51c1"},
    {file = "typed_ast-1.4.1-cp36-cp36m-win_amd64.whl", hash = "sha256:249862707802d40f7f29f6e1aad8d84b5aa9e44552d2cc17384b209f091276aa"},
    {file = "typed_ast-1.4.1-cp37-cp37m-macosx_10_9_x86_64.whl", hash = "sha256:8ce678dbaf790dbdb3eba24056d5364fb45944f33553dd5869b7580cdbb83614"},
    {file = "typed_ast-1.4.1-cp37-cp37m-manylinux1_i686.whl", hash = "sha256:c9e348e02e4d2b4a8b2eedb48210430658df6951fa484e59de33ff773fbd4b41"},
    {file = "typed_ast-1.4.1-cp37-cp37m-manylinux1_x86_64.whl", hash = "sha256:bcd3b13b56ea479b3650b82cabd6b5343a625b0ced5429e4ccad28a8973f301b"},
    {file = "typed_ast-1.4.1-cp37-cp37m-win32.whl", hash = "sha256:d5d33e9e7af3b34a40dc05f498939f0ebf187f07c385fd58d591c533ad8562fe"},
    {file = "typed_ast-1.4.1-cp37-cp37m-win_amd64.whl", hash = "sha256:0666aa36131496aed8f7be0410ff974562ab7eeac11ef351def9ea6fa28f6355"},
    {file = "typed_ast-1.4.1-cp38-cp38-macosx_10_15_x86_64.whl", hash = "sha256:d205b1b46085271b4e15f670058ce182bd1199e56b317bf2ec004b6a44f911f6"},
    {file = "typed_ast-1.4.1-cp38-cp38-manylinux1_i686.whl", hash = "sha256:6daac9731f172c2a22ade6ed0c00197ee7cc1221aa84cfdf9c31defeb059a907"},
    {file = "typed_ast-1.4.1-cp38-cp38-manylinux1_x86_64.whl", hash = "sha256:498b0f36cc7054c1fead3d7fc59d2150f4d5c6c56ba7fb150c013fbc683a8d2d"},
    {file = "typed_ast-1.4.1-cp38-cp38-win32.whl", hash = "sha256:715ff2f2df46121071622063fc7543d9b1fd19ebfc4f5c8895af64a77a8c852c"},
    {file = "typed_ast-1.4.1-cp38-cp38-win_amd64.whl", hash = "sha256:fc0fea399acb12edbf8a628ba8d2312f583bdbdb3335635db062fa98cf71fca4"},
    {file = "typed_ast-1.4.1-cp39-cp39-macosx_10_15_x86_64.whl", hash = "sha256:d43943ef777f9a1c42bf4e552ba23ac77a6351de620aa9acf64ad54933ad4d34"},
    {file = "typed_ast-1.4.1.tar.gz", hash = "sha256:8c8aaad94455178e3187ab22c8b01a3837f8ee50e09cf31f1ba129eb293ec30b"},
]
urllib3 = [
    {file = "urllib3-1.25.8-py2.py3-none-any.whl", hash = "sha256:2f3db8b19923a873b3e5256dc9c2dedfa883e33d87c690d9c7913e1f40673cdc"},
    {file = "urllib3-1.25.8.tar.gz", hash = "sha256:87716c2d2a7121198ebcb7ce7cccf6ce5e9ba539041cfbaeecfb641dc0bf6acc"},
]
wcwidth = [
    {file = "wcwidth-0.1.8-py2.py3-none-any.whl", hash = "sha256:8fd29383f539be45b20bd4df0dc29c20ba48654a41e661925e612311e9f3c603"},
    {file = "wcwidth-0.1.8.tar.gz", hash = "sha256:f28b3e8a6483e5d49e7f8949ac1a78314e740333ae305b4ba5defd3e74fb37a8"},
]
zipp = [
    {file = "zipp-3.1.0-py3-none-any.whl", hash = "sha256:aa36550ff0c0b7ef7fa639055d797116ee891440eac1a56f378e2d3179e0320b"},
    {file = "zipp-3.1.0.tar.gz", hash = "sha256:c599e4d75c98f6798c509911d08a22e6c021d074469042177c8c86fb92eefd96"},
]
